
Microsoft Visual Studio Solution File, Format Version 12.00
# Visual Studio Version 17
VisualStudioVersion = 17.0.32014.148
MinimumVisualStudioVersion = 10.0.40219.1
Project("{FAE04EC0-301F-11D3-BF4B-00C04F79EFBC}") = "Minimal", "Minimal.csproj", "{BD97CD1C-56BD-4456-88AD-3FFFE8B346E6}"
EndProject
Global
	GlobalSection(SolutionConfigurationPlatforms) = preSolution
		Debug|Any CPU = Debug|Any CPU
		Release|Any CPU = Release|Any CPU
	EndGlobalSection
	GlobalSection(ProjectConfigurationPlatforms) = postSolution
		{BD97CD1C-56BD-4456-88AD-3FFFE8B346E6}.Debug|Any CPU.ActiveCfg = Debug|Any CPU
		{BD97CD1C-56BD-4456-88AD-3FFFE8B346E6}.Debug|Any CPU.Build.0 = Debug|Any CPU
		{BD97CD1C-56BD-4456-88AD-3FFFE8B346E6}.Release|Any CPU.ActiveCfg = Release|Any CPU
		{BD97CD1C-56BD-4456-88AD-3FFFE8B346E6}.Release|Any CPU.Build.0 = Release|Any CPU
	EndGlobalSection
	GlobalSection(SolutionProperties) = preSolution
		HideSolutionNode = FALSE
	EndGlobalSection
	GlobalSection(ExtensibilityGlobals) = postSolution
		SolutionGuid = {FC8A52A7-3E50-49A1-AD93-C3982905E0C1}
	EndGlobalSection
EndGlobal
